
Microsoft Visual Studio Solution File, Format Version 12.00
# Visual Studio Version 17
VisualStudioVersion = 17.11.35222.181
MinimumVisualStudioVersion = 10.0.40219.1
Project("{FAE04EC0-301F-11D3-BF4B-00C04F79EFBC}") = "TimerTablesTester", "TimerTablesTester\TimerTablesTester.csproj", "{A34ABD72-9D78-4F32-B4C4-ACB28F476B7F}"
EndProject
Global
	GlobalSection(SolutionConfigurationPlatforms) = preSolution
		Debug|Any CPU = Debug|Any CPU
		Release|Any CPU = Release|Any CPU
	EndGlobalSection
	GlobalSection(ProjectConfigurationPlatforms) = postSolution
		{A34ABD72-9D78-4F32-B4C4-ACB28F476B7F}.Debug|Any CPU.ActiveCfg = Debug|Any CPU
		{A34ABD72-9D78-4F32-B4C4-ACB28F476B7F}.Debug|Any CPU.Build.0 = Debug|Any CPU
		{A34ABD72-9D78-4F32-B4C4-ACB28F476B7F}.Release|Any CPU.ActiveCfg = Release|Any CPU
		{A34ABD72-9D78-4F32-B4C4-ACB28F476B7F}.Release|Any CPU.Build.0 = Release|Any CPU
	EndGlobalSection
	GlobalSection(SolutionProperties) = preSolution
		HideSolutionNode = FALSE
	EndGlobalSection
	GlobalSection(ExtensibilityGlobals) = postSolution
		SolutionGuid = {1A69B4EA-E4A3-4D40-9AF8-339A641B1ECF}
	EndGlobalSection
EndGlobal
